
Microsoft Visual Studio Solution File, Format Version 12.00
# Visual Studio Version 16
VisualStudioVersion = 16.0.30717.126
MinimumVisualStudioVersion = 10.0.40219.1
Project("{2150E333-8FDC-42A3-9474-1A3956D46DE8}") = "2020", "2020", "{8BAFF823-3BA5-46CE-9D02-B91EBCE9727B}"
EndProject
Project("{9A19103F-16F7-4668-BE54-9A1E7A4F7556}") = "Day1", "Day1\Day1.csproj", "{79F499EC-6B80-48C6-B6BA-77227BB70498}"
EndProject
Project("{9A19103F-16F7-4668-BE54-9A1E7A4F7556}") = "Day2", "Day2\Day2.csproj", "{259720BC-B0B8-43A9-BEFE-AEC50941FEF2}"
EndProject
Project("{9A19103F-16F7-4668-BE54-9A1E7A4F7556}") = "Day3", "Day3\Day3.csproj", "{8CE00710-104B-48AF-BF75-449C4968F2C5}"
EndProject
Project("{9A19103F-16F7-4668-BE54-9A1E7A4F7556}") = "Day4", "Day4\Day4.csproj", "{0FE95DDD-C5DB-4F80-BB0A-6192C488ACB3}"
EndProject
Project("{FAE04EC0-301F-11D3-BF4B-00C04F79EFBC}") = "Day5", "Day5\Day5.csproj", "{EDFB54B6-5916-4CA8-ABFF-1E30326D7714}"
EndProject
Global
	GlobalSection(SolutionConfigurationPlatforms) = preSolution
		Debug|Any CPU = Debug|Any CPU
		Release|Any CPU = Release|Any CPU
	EndGlobalSection
	GlobalSection(ProjectConfigurationPlatforms) = postSolution
		{79F499EC-6B80-48C6-B6BA-77227BB70498}.Debug|Any CPU.ActiveCfg = Debug|Any CPU
		{79F499EC-6B80-48C6-B6BA-77227BB70498}.Debug|Any CPU.Build.0 = Debug|Any CPU
		{79F499EC-6B80-48C6-B6BA-77227BB70498}.Release|Any CPU.ActiveCfg = Release|Any CPU
		{79F499EC-6B80-48C6-B6BA-77227BB70498}.Release|Any CPU.Build.0 = Release|Any CPU
		{259720BC-B0B8-43A9-BEFE-AEC50941FEF2}.Debug|Any CPU.ActiveCfg = Debug|Any CPU
		{259720BC-B0B8-43A9-BEFE-AEC50941FEF2}.Debug|Any CPU.Build.0 = Debug|Any CPU
		{259720BC-B0B8-43A9-BEFE-AEC50941FEF2}.Release|Any CPU.ActiveCfg = Release|Any CPU
		{259720BC-B0B8-43A9-BEFE-AEC50941FEF2}.Release|Any CPU.Build.0 = Release|Any CPU
		{8CE00710-104B-48AF-BF75-449C4968F2C5}.Debug|Any CPU.ActiveCfg = Debug|Any CPU
		{8CE00710-104B-48AF-BF75-449C4968F2C5}.Debug|Any CPU.Build.0 = Debug|Any CPU
		{8CE00710-104B-48AF-BF75-449C4968F2C5}.Release|Any CPU.ActiveCfg = Release|Any CPU
		{8CE00710-104B-48AF-BF75-449C4968F2C5}.Release|Any CPU.Build.0 = Release|Any CPU
		{0FE95DDD-C5DB-4F80-BB0A-6192C488ACB3}.Debug|Any CPU.ActiveCfg = Debug|Any CPU
		{0FE95DDD-C5DB-4F80-BB0A-6192C488ACB3}.Debug|Any CPU.Build.0 = Debug|Any CPU
		{0FE95DDD-C5DB-4F80-BB0A-6192C488ACB3}.Release|Any CPU.ActiveCfg = Release|Any CPU
		{0FE95DDD-C5DB-4F80-BB0A-6192C488ACB3}.Release|Any CPU.Build.0 = Release|Any CPU
		{EDFB54B6-5916-4CA8-ABFF-1E30326D7714}.Debug|Any CPU.ActiveCfg = Debug|Any CPU
		{EDFB54B6-5916-4CA8-ABFF-1E30326D7714}.Debug|Any CPU.Build.0 = Debug|Any CPU
		{EDFB54B6-5916-4CA8-ABFF-1E30326D7714}.Release|Any CPU.ActiveCfg = Release|Any CPU
		{EDFB54B6-5916-4CA8-ABFF-1E30326D7714}.Release|Any CPU.Build.0 = Release|Any CPU
	EndGlobalSection
	GlobalSection(SolutionProperties) = preSolution
		HideSolutionNode = FALSE
	EndGlobalSection
	GlobalSection(NestedProjects) = preSolution
		{79F499EC-6B80-48C6-B6BA-77227BB70498} = {8BAFF823-3BA5-46CE-9D02-B91EBCE9727B}
		{259720BC-B0B8-43A9-BEFE-AEC50941FEF2} = {8BAFF823-3BA5-46CE-9D02-B91EBCE9727B}
		{8CE00710-104B-48AF-BF75-449C4968F2C5} = {8BAFF823-3BA5-46CE-9D02-B91EBCE9727B}
		{0FE95DDD-C5DB-4F80-BB0A-6192C488ACB3} = {8BAFF823-3BA5-46CE-9D02-B91EBCE9727B}
		{EDFB54B6-5916-4CA8-ABFF-1E30326D7714} = {8BAFF823-3BA5-46CE-9D02-B91EBCE9727B}
	EndGlobalSection
	GlobalSection(ExtensibilityGlobals) = postSolution
		SolutionGuid = {085796C3-44FA-43E0-AB2D-7F7A43BD371E}
	EndGlobalSection
EndGlobal
